
Microsoft Visual Studio Solution File, Format Version 12.00
# Visual Studio Version 17
VisualStudioVersion = 17.8.34330.188
MinimumVisualStudioVersion = 10.0.40219.1
Project("{9A19103F-16F7-4668-BE54-9A1E7A4F7556}") = "NotificationService", "NotificationService\NotificationService.csproj", "{3912D55E-AA1D-4AFE-A83A-198AA3267903}"
EndProject
Project("{9A19103F-16F7-4668-BE54-9A1E7A4F7556}") = "NotificationService.Models", "NotificationService.Models\NotificationService.Models.csproj", "{BF90B209-6E2D-431F-B34D-59D13603C542}"
EndProject
Project("{9A19103F-16F7-4668-BE54-9A1E7A4F7556}") = "NotificationService.External", "NotificationService.External\NotificationService.External.csproj", "{97C851B2-90A5-4B6D-B161-BAD78A5308B2}"
EndProject
Project("{9A19103F-16F7-4668-BE54-9A1E7A4F7556}") = "NotificationService.Configuration", "NotificationService.Configuration\NotificationService.Configuration.csproj", "{07F81669-10F6-4549-AFB7-F298B6D9B347}"
EndProject
Project("{E53339B2-1760-4266-BCC7-CA923CBCF16C}") = "docker-compose", "docker-compose.dcproj", "{55DE8631-DD05-4B5D-BD93-46875874A318}"
EndProject
Global
	GlobalSection(SolutionConfigurationPlatforms) = preSolution
		Debug|Any CPU = Debug|Any CPU
		Release|Any CPU = Release|Any CPU
	EndGlobalSection
	GlobalSection(ProjectConfigurationPlatforms) = postSolution
		{3912D55E-AA1D-4AFE-A83A-198AA3267903}.Debug|Any CPU.ActiveCfg = Debug|Any CPU
		{3912D55E-AA1D-4AFE-A83A-198AA3267903}.Debug|Any CPU.Build.0 = Debug|Any CPU
		{3912D55E-AA1D-4AFE-A83A-198AA3267903}.Release|Any CPU.ActiveCfg = Release|Any CPU
		{3912D55E-AA1D-4AFE-A83A-198AA3267903}.Release|Any CPU.Build.0 = Release|Any CPU
		{BF90B209-6E2D-431F-B34D-59D13603C542}.Debug|Any CPU.ActiveCfg = Debug|Any CPU
		{BF90B209-6E2D-431F-B34D-59D13603C542}.Debug|Any CPU.Build.0 = Debug|Any CPU
		{BF90B209-6E2D-431F-B34D-59D13603C542}.Release|Any CPU.ActiveCfg = Release|Any CPU
		{BF90B209-6E2D-431F-B34D-59D13603C542}.Release|Any CPU.Build.0 = Release|Any CPU
		{97C851B2-90A5-4B6D-B161-BAD78A5308B2}.Debug|Any CPU.ActiveCfg = Debug|Any CPU
		{97C851B2-90A5-4B6D-B161-BAD78A5308B2}.Debug|Any CPU.Build.0 = Debug|Any CPU
		{97C851B2-90A5-4B6D-B161-BAD78A5308B2}.Release|Any CPU.ActiveCfg = Release|Any CPU
		{97C851B2-90A5-4B6D-B161-BAD78A5308B2}.Release|Any CPU.Build.0 = Release|Any CPU
		{07F81669-10F6-4549-AFB7-F298B6D9B347}.Debug|Any CPU.ActiveCfg = Debug|Any CPU
		{07F81669-10F6-4549-AFB7-F298B6D9B347}.Debug|Any CPU.Build.0 = Debug|Any CPU
		{07F81669-10F6-4549-AFB7-F298B6D9B347}.Release|Any CPU.ActiveCfg = Release|Any CPU
		{07F81669-10F6-4549-AFB7-F298B6D9B347}.Release|Any CPU.Build.0 = Release|Any CPU
		{55DE8631-DD05-4B5D-BD93-46875874A318}.Debug|Any CPU.ActiveCfg = Debug|Any CPU
		{55DE8631-DD05-4B5D-BD93-46875874A318}.Debug|Any CPU.Build.0 = Debug|Any CPU
		{55DE8631-DD05-4B5D-BD93-46875874A318}.Release|Any CPU.ActiveCfg = Release|Any CPU
		{55DE8631-DD05-4B5D-BD93-46875874A318}.Release|Any CPU.Build.0 = Release|Any CPU
	EndGlobalSection
	GlobalSection(SolutionProperties) = preSolution
		HideSolutionNode = FALSE
	EndGlobalSection
	GlobalSection(ExtensibilityGlobals) = postSolution
		SolutionGuid = {D8DE087B-FEFE-45DA-92CA-0D921DE10935}
	EndGlobalSection
EndGlobal
